
Microsoft Visual Studio Solution File, Format Version 9.00
# Visual C# Express 2005
Project("{FAE04EC0-301F-11D3-BF4B-00C04F79EFBC}") = "WinApp", "WinApp\WinApp.csproj", "{D64B4AAC-0FB3-4AAE-BA7A-159DE57753FE}"
EndProject
Global
	GlobalSection(SolutionConfigurationPlatforms) = preSolution
		Debug|Any CPU = Debug|Any CPU
		Debug|Mixed Platforms = Debug|Mixed Platforms
		Release|Any CPU = Release|Any CPU
		Release|Mixed Platforms = Release|Mixed Platforms
	EndGlobalSection
	GlobalSection(ProjectConfigurationPlatforms) = postSolution
		{D64B4AAC-0FB3-4AAE-BA7A-159DE57753FE}.Debug|Any CPU.ActiveCfg = Debug|Any CPU
		{D64B4AAC-0FB3-4AAE-BA7A-159DE57753FE}.Debug|Any CPU.Build.0 = Debug|Any CPU
		{D64B4AAC-0FB3-4AAE-BA7A-159DE57753FE}.Debug|Mixed Platforms.ActiveCfg = Debug|Mixed Platforms
		{D64B4AAC-0FB3-4AAE-BA7A-159DE57753FE}.Debug|Mixed Platforms.Build.0 = Debug|Mixed Platforms
		{D64B4AAC-0FB3-4AAE-BA7A-159DE57753FE}.Release|Any CPU.ActiveCfg = Release|Any CPU
		{D64B4AAC-0FB3-4AAE-BA7A-159DE57753FE}.Release|Any CPU.Build.0 = Release|Any CPU
		{D64B4AAC-0FB3-4AAE-BA7A-159DE57753FE}.Release|Mixed Platforms.ActiveCfg = Release|Mixed Platforms
		{D64B4AAC-0FB3-4AAE-BA7A-159DE57753FE}.Release|Mixed Platforms.Build.0 = Release|Mixed Platforms
	EndGlobalSection
	GlobalSection(SolutionProperties) = preSolution
		HideSolutionNode = FALSE
	EndGlobalSection
EndGlobal
