
Microsoft Visual Studio Solution File, Format Version 9.00
# Visual Studio 2005
# SharpDevelop 2.1.0.2201
Project("{FAE04EC0-301F-11D3-BF4B-00C04F79EFBC}") = "WindowsApplication1", "WindowsApplication1.csproj", "{9FDEF5FF-6C56-48E3-8F10-8593D27BB0D6}"
EndProject
Global
	GlobalSection(SolutionConfigurationPlatforms) = preSolution
		Debug|Any CPU = Debug|Any CPU
		Release|Any CPU = Release|Any CPU
	EndGlobalSection
	GlobalSection(ProjectConfigurationPlatforms) = postSolution
		{9FDEF5FF-6C56-48E3-8F10-8593D27BB0D6}.Debug|Any CPU.Build.0 = Debug|Any CPU
		{9FDEF5FF-6C56-48E3-8F10-8593D27BB0D6}.Debug|Any CPU.ActiveCfg = Debug|Any CPU
		{9FDEF5FF-6C56-48E3-8F10-8593D27BB0D6}.Release|Any CPU.Build.0 = Release|Any CPU
		{9FDEF5FF-6C56-48E3-8F10-8593D27BB0D6}.Release|Any CPU.ActiveCfg = Release|Any CPU
	EndGlobalSection
EndGlobal
